
Microsoft Visual Studio Solution File, Format Version 12.00
# Visual Studio 15
VisualStudioVersion = 15.0.27004.2002
MinimumVisualStudioVersion = 10.0.40219.1
Project("{FAE04EC0-301F-11D3-BF4B-00C04F79EFBC}") = "DrawingsManager", "DrawingsManager\DrawingsManager.csproj", "{71802809-2D4F-46B8-88EC-D762127B13ED}"
EndProject
Global
	GlobalSection(SolutionConfigurationPlatforms) = preSolution
		Debug|Any CPU = Debug|Any CPU
		Release|Any CPU = Release|Any CPU
	EndGlobalSection
	GlobalSection(ProjectConfigurationPlatforms) = postSolution
		{71802809-2D4F-46B8-88EC-D762127B13ED}.Debug|Any CPU.ActiveCfg = Debug|Any CPU
		{71802809-2D4F-46B8-88EC-D762127B13ED}.Debug|Any CPU.Build.0 = Debug|Any CPU
		{71802809-2D4F-46B8-88EC-D762127B13ED}.Release|Any CPU.ActiveCfg = Release|Any CPU
		{71802809-2D4F-46B8-88EC-D762127B13ED}.Release|Any CPU.Build.0 = Release|Any CPU
	EndGlobalSection
	GlobalSection(SolutionProperties) = preSolution
		HideSolutionNode = FALSE
	EndGlobalSection
	GlobalSection(ExtensibilityGlobals) = postSolution
		SolutionGuid = {C4D36D2D-BC28-4972-9371-D7919E8BD92D}
	EndGlobalSection
EndGlobal
